
Microsoft Visual Studio Solution File, Format Version 12.00
# Visual Studio Version 17
VisualStudioVersion = 17.13.35825.156 d17.13
MinimumVisualStudioVersion = 10.0.40219.1
Project("{FAE04EC0-301F-11D3-BF4B-00C04F79EFBC}") = "TestBuilder", "TestBuilder\TestBuilder.csproj", "{86F5AA80-DF3D-4B68-9120-0E1F488AE054}"
EndProject
Global
	GlobalSection(SolutionConfigurationPlatforms) = preSolution
		Debug|Any CPU = Debug|Any CPU
		Release|Any CPU = Release|Any CPU
	EndGlobalSection
	GlobalSection(ProjectConfigurationPlatforms) = postSolution
		{86F5AA80-DF3D-4B68-9120-0E1F488AE054}.Debug|Any CPU.ActiveCfg = Debug|Any CPU
		{86F5AA80-DF3D-4B68-9120-0E1F488AE054}.Debug|Any CPU.Build.0 = Debug|Any CPU
		{86F5AA80-DF3D-4B68-9120-0E1F488AE054}.Release|Any CPU.ActiveCfg = Release|Any CPU
		{86F5AA80-DF3D-4B68-9120-0E1F488AE054}.Release|Any CPU.Build.0 = Release|Any CPU
	EndGlobalSection
	GlobalSection(SolutionProperties) = preSolution
		HideSolutionNode = FALSE
	EndGlobalSection
	GlobalSection(ExtensibilityGlobals) = postSolution
		SolutionGuid = {35BDA328-6D55-40F6-AC4D-2F2A04EB67FA}
	EndGlobalSection
EndGlobal
